{
  "name": "dri",
  "lockfileVersion": 2,
  "requires": true,
  "packages": {
    "": {
      "dependencies": {
        "cjs": "^0.0.11",
        "node-html-crawler": "^1.2.3"
      }
    },
    "node_modules/cjs": {
      "version": "0.0.11",
      "resolved": "https://registry.npmjs.org/cjs/-/cjs-0.0.11.tgz",
      "integrity": "sha512-aLndk8BnpIOy/ZxmLGCNTSFoLm0+OyZDtxNCV6jUBHBkLICanUAlkIGtnaQrCBMYTebOmWHNg8+vxtaYZ8LSfA==",
      "dependencies": {
        "sync-channel": "*"
      }
    },
    "node_modules/node-html-crawler": {
      "version": "1.2.3",
      "resolved": "https://registry.npmjs.org/node-html-crawler/-/node-html-crawler-1.2.3.tgz",
      "integrity": "sha512-i07HRgtVYgDLgH6g589lApWUy+O8Pg8vDhxR1Wp4r23XbfdXIOLda+C4fWx6rHQrWOfYStucqFIVZ6Tj51Dc5A=="
    },
    "node_modules/sync-channel": {
      "version": "0.0.6",
      "resolved": "https://registry.npmjs.org/sync-channel/-/sync-channel-0.0.6.tgz",
      "integrity": "sha512-rjHHukZeQW3hGgwMuOkrITv1e87nxuAKRGgwPNtCmS3Az+YdO826hBy1IDjRsTXKGc2WDWUaDU5Zx8uodXWwgg=="
    }
  },
  "dependencies": {
    "cjs": {
      "version": "0.0.11",
      "resolved": "https://registry.npmjs.org/cjs/-/cjs-0.0.11.tgz",
      "integrity": "sha512-aLndk8BnpIOy/ZxmLGCNTSFoLm0+OyZDtxNCV6jUBHBkLICanUAlkIGtnaQrCBMYTebOmWHNg8+vxtaYZ8LSfA==",
      "requires": {
        "sync-channel": "*"
      }
    },
    "node-html-crawler": {
      "version": "1.2.3",
      "resolved": "https://registry.npmjs.org/node-html-crawler/-/node-html-crawler-1.2.3.tgz",
      "integrity": "sha512-i07HRgtVYgDLgH6g589lApWUy+O8Pg8vDhxR1Wp4r23XbfdXIOLda+C4fWx6rHQrWOfYStucqFIVZ6Tj51Dc5A=="
    },
    "sync-channel": {
      "version": "0.0.6",
      "resolved": "https://registry.npmjs.org/sync-channel/-/sync-channel-0.0.6.tgz",
      "integrity": "sha512-rjHHukZeQW3hGgwMuOkrITv1e87nxuAKRGgwPNtCmS3Az+YdO826hBy1IDjRsTXKGc2WDWUaDU5Zx8uodXWwgg=="
    }
  }
}
